{
    "version": 3,
    "terraform_version": "0.7.5",
    "serial": 39,
    "lineage": "6daa8d5e-7137-44db-8be5-c92ab857eb2c",
    "modules": [
        {
            "path": [
                "root"
            ],
            "outputs": {
                "account_id": {
                    "sensitive": false,
                    "type": "string",
                    "value": "913793700308"
                }
            },
            "resources": {
                "aws_api_gateway_account.Seo": {
                    "type": "aws_api_gateway_account",
                    "depends_on": [
                        "aws_iam_role.SeoAPIGatewayAccount"
                    ],
                    "primary": {
                        "id": "api-gateway-account",
                        "attributes": {
                            "cloudwatch_role_arn": "arn:aws:iam::913793700308:role/seo_api_gateway_account",
                            "id": "api-gateway-account",
                            "throttle_settings.#": "1",
                            "throttle_settings.0.burst_limit": "2000",
                            "throttle_settings.0.rate_limit": "1000"
                        },
                        "meta": {},
                        "tainted": false
                    },
                    "deposed": [],
                    "provider": ""
                },
                "aws_api_gateway_deployment.SeoWebsite": {
                    "type": "aws_api_gateway_deployment",
                    "depends_on": [
                        "aws_api_gateway_integration.SeoWebsite",
                        "aws_api_gateway_method.SeoWebsite",
                        "aws_api_gateway_rest_api.SeoWebsite"
                    ],
                    "primary": {
                        "id": "o40hat",
                        "attributes": {
                            "id": "o40hat",
                            "rest_api_id": "g6h2x0n5hl",
                            "stage_name": "prod"
                        },
                        "meta": {},
                        "tainted": false
                    },
                    "deposed": [],
                    "provider": ""
                },
                "aws_api_gateway_integration.SeoWebsite": {
                    "type": "aws_api_gateway_integration",
                    "depends_on": [
                        "aws_api_gateway_method.SeoWebsite",
                        "aws_api_gateway_rest_api.SeoWebsite",
                        "aws_api_gateway_rest_api.SeoWebsite",
                        "aws_lambda_function.SeoWebsite",
                        "aws_lambda_permission.SeoWebsiteApiGatewayMethod"
                    ],
                    "primary": {
                        "id": "agi-g6h2x0n5hl-lzff0m5v5f-ANY",
                        "attributes": {
                            "http_method": "ANY",
                            "id": "agi-g6h2x0n5hl-lzff0m5v5f-ANY",
                            "integration_http_method": "POST",
                            "resource_id": "lzff0m5v5f",
                            "rest_api_id": "g6h2x0n5hl",
                            "type": "AWS_PROXY",
                            "uri": "arn:aws:apigateway:us-east-1:lambda:path/2015-03-31/functions/arn:aws:lambda:us-east-1:913793700308:function:seo_website_endpoint/invocations"
                        },
                        "meta": {},
                        "tainted": false
                    },
                    "deposed": [],
                    "provider": ""
                },
                "aws_api_gateway_integration_response.SeoWebsite": {
                    "type": "aws_api_gateway_integration_response",
                    "depends_on": [
                        "aws_api_gateway_integration.SeoWebsite",
                        "aws_api_gateway_method.SeoWebsite",
                        "aws_api_gateway_method_response.SeoWebsite",
                        "aws_api_gateway_rest_api.SeoWebsite",
                        "aws_api_gateway_rest_api.SeoWebsite"
                    ],
                    "primary": {
                        "id": "agir-g6h2x0n5hl-lzff0m5v5f-ANY-200",
                        "attributes": {
                            "http_method": "ANY",
                            "id": "agir-g6h2x0n5hl-lzff0m5v5f-ANY-200",
                            "resource_id": "lzff0m5v5f",
                            "response_parameters.%": "0",
                            "response_templates.%": "0",
                            "rest_api_id": "g6h2x0n5hl",
                            "selection_pattern": "",
                            "status_code": "200"
                        },
                        "meta": {},
                        "tainted": false
                    },
                    "deposed": [],
                    "provider": ""
                },
                "aws_api_gateway_method.SeoWebsite": {
                    "type": "aws_api_gateway_method",
                    "depends_on": [
                        "aws_api_gateway_rest_api.SeoWebsite",
                        "aws_api_gateway_rest_api.SeoWebsite"
                    ],
                    "primary": {
                        "id": "agm-g6h2x0n5hl-lzff0m5v5f-ANY",
                        "attributes": {
                            "api_key_required": "false",
                            "authorization": "NONE",
                            "http_method": "ANY",
                            "id": "agm-g6h2x0n5hl-lzff0m5v5f-ANY",
                            "resource_id": "lzff0m5v5f",
                            "rest_api_id": "g6h2x0n5hl"
                        },
                        "meta": {},
                        "tainted": false
                    },
                    "deposed": [],
                    "provider": ""
                },
                "aws_api_gateway_method_response.SeoWebsite": {
                    "type": "aws_api_gateway_method_response",
                    "depends_on": [
                        "aws_api_gateway_method.SeoWebsite",
                        "aws_api_gateway_rest_api.SeoWebsite",
                        "aws_api_gateway_rest_api.SeoWebsite"
                    ],
                    "primary": {
                        "id": "agmr-g6h2x0n5hl-lzff0m5v5f-ANY-200",
                        "attributes": {
                            "http_method": "ANY",
                            "id": "agmr-g6h2x0n5hl-lzff0m5v5f-ANY-200",
                            "resource_id": "lzff0m5v5f",
                            "response_models.%": "1",
                            "response_models.text/html": "Empty",
                            "rest_api_id": "g6h2x0n5hl",
                            "status_code": "200"
                        },
                        "meta": {},
                        "tainted": false
                    },
                    "deposed": [],
                    "provider": ""
                },
                "aws_api_gateway_rest_api.SeoWebsite": {
                    "type": "aws_api_gateway_rest_api",
                    "depends_on": [
                        "aws_lambda_function.SeoWebsite"
                    ],
                    "primary": {
                        "id": "g6h2x0n5hl",
                        "attributes": {
                            "description": "Seo Website",
                            "id": "g6h2x0n5hl",
                            "name": "seo_website",
                            "root_resource_id": "lzff0m5v5f"
                        },
                        "meta": {},
                        "tainted": false
                    },
                    "deposed": [],
                    "provider": ""
                },
                "aws_cloudfront_distribution.SeoResourcesWebsite": {
                    "type": "aws_cloudfront_distribution",
                    "depends_on": [
                        "aws_cloudfront_origin_access_identity.SeoResourcesWebsite",
                        "aws_s3_bucket.SeoResourcesWebsite"
                    ],
                    "primary": {
                        "id": "E23ZABBKWHFACI",
                        "attributes": {
                            "active_trusted_signers.%": "2",
                            "active_trusted_signers.enabled": "false",
                            "active_trusted_signers.items.#": "0",
                            "aliases.#": "1",
                            "aliases.837212856": "seo-resources.wessels.nz",
                            "arn": "arn:aws:cloudfront::913793700308:distribution/E23ZABBKWHFACI",
                            "cache_behavior.#": "0",
                            "caller_reference": "2016-10-05T15:57:19.4459112+13:00",
                            "comment": "Managed by Terraform",
                            "custom_error_response.#": "0",
                            "default_cache_behavior.#": "1",
                            "default_cache_behavior.1106497038.allowed_methods.#": "2",
                            "default_cache_behavior.1106497038.allowed_methods.0": "HEAD",
                            "default_cache_behavior.1106497038.allowed_methods.1": "GET",
                            "default_cache_behavior.1106497038.cached_methods.#": "2",
                            "default_cache_behavior.1106497038.cached_methods.0": "HEAD",
                            "default_cache_behavior.1106497038.cached_methods.1": "GET",
                            "default_cache_behavior.1106497038.compress": "true",
                            "default_cache_behavior.1106497038.default_ttl": "30",
                            "default_cache_behavior.1106497038.forwarded_values.#": "1",
                            "default_cache_behavior.1106497038.forwarded_values.2759845635.cookies.#": "1",
                            "default_cache_behavior.1106497038.forwarded_values.2759845635.cookies.2625240281.forward": "none",
                            "default_cache_behavior.1106497038.forwarded_values.2759845635.cookies.2625240281.whitelisted_names.#": "0",
                            "default_cache_behavior.1106497038.forwarded_values.2759845635.headers.#": "0",
                            "default_cache_behavior.1106497038.forwarded_values.2759845635.query_string": "false",
                            "default_cache_behavior.1106497038.forwarded_values.2759845635.query_string_cache_keys.#": "0",
                            "default_cache_behavior.1106497038.max_ttl": "86400",
                            "default_cache_behavior.1106497038.min_ttl": "0",
                            "default_cache_behavior.1106497038.smooth_streaming": "false",
                            "default_cache_behavior.1106497038.target_origin_id": "S3-seo-resources.wessels.nz",
                            "default_cache_behavior.1106497038.trusted_signers.#": "0",
                            "default_cache_behavior.1106497038.viewer_protocol_policy": "redirect-to-https",
                            "default_root_object": "index.html",
                            "domain_name": "dqq1d7itx2tf0.cloudfront.net",
                            "enabled": "true",
                            "etag": "E3F6H1SEDMXJW6",
                            "hosted_zone_id": "Z2FDTNDATAQYW2",
                            "http_version": "http2",
                            "id": "E23ZABBKWHFACI",
                            "in_progress_validation_batches": "0",
                            "last_modified_time": "2016-10-06 22:18:42.467 +0000 UTC",
                            "logging_config.#": "0",
                            "origin.#": "1",
                            "origin.3980716330.custom_header.#": "0",
                            "origin.3980716330.custom_origin_config.#": "0",
                            "origin.3980716330.domain_name": "seo-resources.wessels.nz.s3.amazonaws.com",
                            "origin.3980716330.origin_id": "S3-seo-resources.wessels.nz",
                            "origin.3980716330.origin_path": "",
                            "origin.3980716330.s3_origin_config.#": "1",
                            "origin.3980716330.s3_origin_config.1215630104.origin_access_identity": "origin-access-identity/cloudfront/E2AEUEBGNM4Q2C",
                            "price_class": "PriceClass_All",
                            "restrictions.#": "1",
                            "restrictions.1097372288.geo_restriction.#": "1",
                            "restrictions.1097372288.geo_restriction.2625240281.locations.#": "0",
                            "restrictions.1097372288.geo_restriction.2625240281.restriction_type": "none",
                            "retain_on_delete": "true",
                            "status": "Deployed",
                            "tags.%": "0",
                            "viewer_certificate.#": "1",
                            "viewer_certificate.3386741993.acm_certificate_arn": "arn:aws:acm:us-east-1:913793700308:certificate/29edb52d-dd84-4f2e-976e-799f1204442e",
                            "viewer_certificate.3386741993.cloudfront_default_certificate": "false",
                            "viewer_certificate.3386741993.iam_certificate_id": "",
                            "viewer_certificate.3386741993.minimum_protocol_version": "TLSv1",
                            "viewer_certificate.3386741993.ssl_support_method": "sni-only",
                            "web_acl_id": ""
                        },
                        "meta": {},
                        "tainted": false
                    },
                    "deposed": [],
                    "provider": ""
                },
                "aws_cloudfront_origin_access_identity.SeoResourcesWebsite": {
                    "type": "aws_cloudfront_origin_access_identity",
                    "depends_on": [],
                    "primary": {
                        "id": "E2AEUEBGNM4Q2C",
                        "attributes": {
                            "caller_reference": "2016-10-05T15:49:13.2351434+13:00",
                            "cloudfront_access_identity_path": "origin-access-identity/cloudfront/E2AEUEBGNM4Q2C",
                            "comment": "Managed by Terraform",
                            "etag": "E3LJM3DA0N93G7",
                            "iam_arn": "arn:aws:iam::cloudfront:user/CloudFront Origin Access Identity E2AEUEBGNM4Q2C",
                            "id": "E2AEUEBGNM4Q2C",
                            "s3_canonical_user_id": "6f191133c79c4904b415fff4b780e3b3b48ce912d5f85603fdbc72c421fbcaaab53cf6d6e28ed42d6a2a06404f4707da"
                        },
                        "meta": {},
                        "tainted": false
                    },
                    "deposed": [],
                    "provider": ""
                },
                "aws_iam_role.SeoAPIGatewayAccount": {
                    "type": "aws_iam_role",
                    "depends_on": [],
                    "primary": {
                        "id": "seo_api_gateway_account",
                        "attributes": {
                            "arn": "arn:aws:iam::913793700308:role/seo_api_gateway_account",
                            "assume_role_policy": "{\r\n  \"Version\": \"2012-10-17\",\r\n  \"Statement\": [\r\n    {\r\n      \"Sid\": \"\",\r\n      \"Effect\": \"Allow\",\r\n      \"Principal\": {\r\n        \"Service\": \"apigateway.amazonaws.com\"\r\n      },\r\n      \"Action\": \"sts:AssumeRole\"\r\n    }\r\n  ]\r\n}",
                            "id": "seo_api_gateway_account",
                            "name": "seo_api_gateway_account",
                            "path": "/",
                            "unique_id": "AROAI6I6FIMXDN4GYVQRG"
                        },
                        "meta": {},
                        "tainted": false
                    },
                    "deposed": [],
                    "provider": ""
                },
                "aws_iam_role.SeoLambdaWebsiteEndpoint": {
                    "type": "aws_iam_role",
                    "depends_on": [],
                    "primary": {
                        "id": "seo_lambda_website_endpoint",
                        "attributes": {
                            "arn": "arn:aws:iam::913793700308:role/seo_lambda_website_endpoint",
                            "assume_role_policy": "{\r\n  \"Version\": \"2012-10-17\",\r\n  \"Statement\": [\r\n    {\r\n      \"Action\": \"sts:AssumeRole\",\r\n      \"Principal\": {\r\n        \"Service\": [\r\n          \"lambda.amazonaws.com\",\r\n          \"apigateway.amazonaws.com\"\r\n        ]\r\n      },\r\n      \"Effect\": \"Allow\",\r\n      \"Sid\": \"\"\r\n    }\r\n  ]\r\n}",
                            "id": "seo_lambda_website_endpoint",
                            "name": "seo_lambda_website_endpoint",
                            "path": "/",
                            "unique_id": "AROAIS3DJRUU5H7APCIJ2"
                        },
                        "meta": {},
                        "tainted": false
                    },
                    "deposed": [],
                    "provider": ""
                },
                "aws_iam_role_policy.SeoAPIGatewayAccount": {
                    "type": "aws_iam_role_policy",
                    "depends_on": [
                        "aws_iam_role.SeoAPIGatewayAccount"
                    ],
                    "primary": {
                        "id": "seo_api_gateway_account:seo_api_gateway_account",
                        "attributes": {
                            "id": "seo_api_gateway_account:seo_api_gateway_account",
                            "name": "seo_api_gateway_account",
                            "policy": "{\r\n  \"Version\": \"2012-10-17\",\r\n  \"Statement\": [\r\n    {\r\n      \"Effect\": \"Allow\",\r\n      \"Action\": [\r\n        \"logs:CreateLogGroup\",\r\n        \"logs:CreateLogStream\",\r\n        \"logs:DescribeLogGroups\",\r\n        \"logs:DescribeLogStreams\",\r\n        \"logs:PutLogEvents\",\r\n        \"logs:GetLogEvents\",\r\n        \"logs:FilterLogEvents\"\r\n      ],\r\n      \"Resource\": \"*\"\r\n    }\r\n  ]\r\n}\r\n",
                            "role": "seo_api_gateway_account"
                        },
                        "meta": {},
                        "tainted": false
                    },
                    "deposed": [],
                    "provider": ""
                },
                "aws_iam_role_policy.SeoLambdaWebsiteEndpoint": {
                    "type": "aws_iam_role_policy",
                    "depends_on": [
                        "aws_iam_role.SeoLambdaWebsiteEndpoint"
                    ],
                    "primary": {
                        "id": "seo_lambda_website_endpoint:seo_lambda_website_endpoint",
                        "attributes": {
                            "id": "seo_lambda_website_endpoint:seo_lambda_website_endpoint",
                            "name": "seo_lambda_website_endpoint",
                            "policy": "{\r\n  \"Version\": \"2012-10-17\",\r\n  \"Statement\": [\r\n    {\r\n      \"Effect\": \"Allow\",\r\n      \"Action\": [\r\n        \"logs:CreateLogGroup\",\r\n        \"logs:CreateLogStream\",\r\n        \"logs:PutLogEvents\"\r\n      ],\r\n      \"Resource\": \"arn:aws:logs:*:*:*\"\r\n    }\r\n  ]\r\n}",
                            "role": "seo_lambda_website_endpoint"
                        },
                        "meta": {},
                        "tainted": false
                    },
                    "deposed": [],
                    "provider": ""
                },
                "aws_lambda_function.SeoWebsite": {
                    "type": "aws_lambda_function",
                    "depends_on": [
                        "aws_iam_role.SeoLambdaWebsiteEndpoint"
                    ],
                    "primary": {
                        "id": "seo_website_endpoint",
                        "attributes": {
                            "arn": "arn:aws:lambda:us-east-1:913793700308:function:seo_website_endpoint",
                            "description": "",
                            "filename": "./Lambdas/WebsiteEndpoint/.WebsiteEndpoint.compiled.zip",
                            "function_name": "seo_website_endpoint",
                            "handler": "index.handler",
                            "id": "seo_website_endpoint",
                            "last_modified": "2016-10-10T03:02:54.785+0000",
                            "memory_size": "128",
                            "publish": "false",
                            "qualified_arn": "arn:aws:lambda:us-east-1:913793700308:function:seo_website_endpoint:$LATEST",
                            "role": "arn:aws:iam::913793700308:role/seo_lambda_website_endpoint",
                            "runtime": "nodejs4.3",
                            "source_code_hash": "v7XcJJ5d1UWXJE+YeoMgsrbrEoU9Nrsxrkewii8g6i4=",
                            "timeout": "3",
                            "version": "$LATEST"
                        },
                        "meta": {},
                        "tainted": false
                    },
                    "deposed": [],
                    "provider": ""
                },
                "aws_lambda_permission.SeoWebsiteApiGatewayMethod": {
                    "type": "aws_lambda_permission",
                    "depends_on": [
                        "aws_api_gateway_method.SeoWebsite",
                        "aws_api_gateway_method_response.SeoWebsite",
                        "aws_api_gateway_rest_api.SeoWebsite",
                        "aws_lambda_function.SeoWebsite",
                        "data.aws_caller_identity.current"
                    ],
                    "primary": {
                        "id": "AllowExecutionFromAPIGatewayMethod",
                        "attributes": {
                            "action": "lambda:InvokeFunction",
                            "function_name": "seo_website_endpoint",
                            "id": "AllowExecutionFromAPIGatewayMethod",
                            "principal": "apigateway.amazonaws.com",
                            "source_arn": "arn:aws:execute-api:us-east-1:913793700308:g6h2x0n5hl/*/*/",
                            "statement_id": "AllowExecutionFromAPIGatewayMethod"
                        },
                        "meta": {},
                        "tainted": false
                    },
                    "deposed": [],
                    "provider": ""
                },
                "aws_route53_delegation_set.Seo": {
                    "type": "aws_route53_delegation_set",
                    "depends_on": [],
                    "primary": {
                        "id": "N1WH643ZVNGJAG",
                        "attributes": {
                            "id": "N1WH643ZVNGJAG",
                            "name_servers.#": "4",
                            "name_servers.0": "ns-1241.awsdns-27.org",
                            "name_servers.1": "ns-1574.awsdns-04.co.uk",
                            "name_servers.2": "ns-457.awsdns-57.com",
                            "name_servers.3": "ns-971.awsdns-57.net",
                            "reference_name": "WesselsSEO"
                        },
                        "meta": {},
                        "tainted": false
                    },
                    "deposed": [],
                    "provider": ""
                },
                "aws_route53_record.SeoResourcesWebsite": {
                    "type": "aws_route53_record",
                    "depends_on": [
                        "aws_cloudfront_distribution.SeoResourcesWebsite",
                        "aws_cloudfront_distribution.SeoResourcesWebsite",
                        "aws_route53_zone.Seo"
                    ],
                    "primary": {
                        "id": "Z1N5AUAJ2G7S6D_seo-resources.wessels.nz_A",
                        "attributes": {
                            "alias.#": "1",
                            "alias.3786375353.evaluate_target_health": "false",
                            "alias.3786375353.name": "dqq1d7itx2tf0.cloudfront.net",
                            "alias.3786375353.zone_id": "Z2FDTNDATAQYW2",
                            "fqdn": "seo-resources.wessels.nz.seo.wessels.nz",
                            "health_check_id": "",
                            "id": "Z1N5AUAJ2G7S6D_seo-resources.wessels.nz_A",
                            "name": "seo-resources.wessels.nz",
                            "records.#": "0",
                            "set_identifier": "",
                            "ttl": "0",
                            "type": "A",
                            "zone_id": "Z1N5AUAJ2G7S6D"
                        },
                        "meta": {
                            "schema_version": "2"
                        },
                        "tainted": false
                    },
                    "deposed": [],
                    "provider": ""
                },
                "aws_route53_zone.Seo": {
                    "type": "aws_route53_zone",
                    "depends_on": [
                        "aws_route53_delegation_set.Seo"
                    ],
                    "primary": {
                        "id": "Z1N5AUAJ2G7S6D",
                        "attributes": {
                            "comment": "Managed by Terraform",
                            "delegation_set_id": "N1WH643ZVNGJAG",
                            "force_destroy": "false",
                            "id": "Z1N5AUAJ2G7S6D",
                            "name": "seo.wessels.nz",
                            "name_servers.#": "4",
                            "name_servers.0": "ns-1241.awsdns-27.org",
                            "name_servers.1": "ns-1574.awsdns-04.co.uk",
                            "name_servers.2": "ns-457.awsdns-57.com",
                            "name_servers.3": "ns-971.awsdns-57.net",
                            "tags.%": "0",
                            "zone_id": "Z1N5AUAJ2G7S6D"
                        },
                        "meta": {},
                        "tainted": false
                    },
                    "deposed": [],
                    "provider": ""
                },
                "aws_s3_bucket.SeoResourcesWebsite": {
                    "type": "aws_s3_bucket",
                    "depends_on": [],
                    "primary": {
                        "id": "seo-resources.wessels.nz",
                        "attributes": {
                            "acceleration_status": "",
                            "acl": "public-read",
                            "arn": "arn:aws:s3:::seo-resources.wessels.nz",
                            "bucket": "seo-resources.wessels.nz",
                            "force_destroy": "false",
                            "hosted_zone_id": "Z3AQBSTGFYJSTF",
                            "id": "seo-resources.wessels.nz",
                            "policy": "{\"Statement\":[{\"Action\":\"s3:GetObject\",\"Effect\":\"Allow\",\"Principal\":\"*\",\"Resource\":\"arn:aws:s3:::seo-resources.wessels.nz/*\",\"Sid\":\"AddPerm\"}],\"Version\":\"2012-10-17\"}",
                            "region": "us-east-1",
                            "request_payer": "BucketOwner",
                            "tags.%": "0",
                            "website.#": "1",
                            "website.0.error_document": "",
                            "website.0.index_document": "index.html",
                            "website.0.redirect_all_requests_to": "",
                            "website.0.routing_rules": "[{\"Condition\":{\"HttpErrorCodeReturnedEquals\":\"404\"},\"Redirect\":{\"HostName\":\"seo-resources.wessels.nz\",\"ReplaceKeyWith\":\"index.html\"}}]",
                            "website_domain": "s3-website-us-east-1.amazonaws.com",
                            "website_endpoint": "seo-resources.wessels.nz.s3-website-us-east-1.amazonaws.com"
                        },
                        "meta": {},
                        "tainted": false
                    },
                    "deposed": [],
                    "provider": ""
                },
                "data.aws_caller_identity.current": {
                    "type": "aws_caller_identity",
                    "depends_on": [],
                    "primary": {
                        "id": "2016-10-10 03:01:42.7654687 +0000 UTC",
                        "attributes": {
                            "account_id": "913793700308",
                            "id": "2016-10-10 03:01:42.7654687 +0000 UTC"
                        },
                        "meta": {},
                        "tainted": false
                    },
                    "deposed": [],
                    "provider": ""
                }
            },
            "depends_on": []
        }
    ]
}
