{
    "version": 3,
    "terraform_version": "0.7.5",
    "serial": 42,
    "lineage": "6daa8d5e-7137-44db-8be5-c92ab857eb2c",
    "modules": [
        {
            "path": [
                "root"
            ],
            "outputs": {
                "account_id": {
                    "sensitive": false,
                    "type": "string",
                    "value": "913793700308"
                }
            },
            "resources": {
                "aws_api_gateway_account.Seo": {
                    "type": "aws_api_gateway_account",
                    "depends_on": [
                        "aws_iam_role.SeoAPIGatewayAccount"
                    ],
                    "primary": {
                        "id": "api-gateway-account",
                        "attributes": {
                            "cloudwatch_role_arn": "arn:aws:iam::913793700308:role/seo_api_gateway_account",
                            "id": "api-gateway-account",
                            "throttle_settings.#": "1",
                            "throttle_settings.0.burst_limit": "2000",
                            "throttle_settings.0.rate_limit": "1000"
                        },
                        "meta": {},
                        "tainted": false
                    },
                    "deposed": [],
                    "provider": ""
                },
                "aws_api_gateway_base_path_mapping.SeoWebsite": {
                    "type": "aws_api_gateway_base_path_mapping",
                    "depends_on": [
                        "aws_api_gateway_deployment.SeoWebsite",
                        "aws_api_gateway_domain_name.SeoWebsite",
                        "aws_api_gateway_rest_api.SeoWebsite"
                    ],
                    "primary": {
                        "id": "seo.wessels.nz/",
                        "attributes": {
                            "api_id": "",
                            "base_path": "",
                            "domain_name": "seo.wessels.nz",
                            "id": "seo.wessels.nz/",
                            "stage_name": ""
                        },
                        "meta": {},
                        "tainted": false
                    },
                    "deposed": [],
                    "provider": ""
                },
                "aws_api_gateway_deployment.SeoWebsite": {
                    "type": "aws_api_gateway_deployment",
                    "depends_on": [
                        "aws_api_gateway_integration.SeoWebsite",
                        "aws_api_gateway_method.SeoWebsite",
                        "aws_api_gateway_rest_api.SeoWebsite"
                    ],
                    "primary": {
                        "id": "o40hat",
                        "attributes": {
                            "description": "",
                            "id": "o40hat",
                            "rest_api_id": "g6h2x0n5hl",
                            "stage_name": "prod"
                        },
                        "meta": {},
                        "tainted": false
                    },
                    "deposed": [],
                    "provider": ""
                },
                "aws_api_gateway_domain_name.SeoWebsite": {
                    "type": "aws_api_gateway_domain_name",
                    "depends_on": [],
                    "primary": {
                        "id": "seo.wessels.nz",
                        "attributes": {
                            "certificate_body": "-----BEGIN CERTIFICATE-----\r\nMIIFGjCCBAKgAwIBAgISAzuwbFYDQjw9vbdSomIyzoE+MA0GCSqGSIb3DQEBCwUA\r\nMEoxCzAJBgNVBAYTAlVTMRYwFAYDVQQKEw1MZXQncyBFbmNyeXB0MSMwIQYDVQQD\r\nExpMZXQncyBFbmNyeXB0IEF1dGhvcml0eSBYMzAeFw0xNjEwMDUxODI4MDBaFw0x\r\nNzAxMDMxODI4MDBaMBkxFzAVBgNVBAMTDnNlby53ZXNzZWxzLm56MIIBIjANBgkq\r\nhkiG9w0BAQEFAAOCAQ8AMIIBCgKCAQEAwpryqCUJtaVqo50B3H7ZKONr0VtZ5T69\r\n8JxnXto4DWEvXUnXZD3PN5jXrqqA0CFniUQWMhWNKohJp5wEwQQPiCNi1V5LqV1d\r\nK40EwhbHsA8gyEVMrm6n6US4F71JASQ9KFfanUpxpXk8Js5xzzaBIX9PRzYofY+n\r\nE8q3Lt8jbBt1scdCHqGSOo9iABDNvM0HJMzuE1Y7EPjJgMC8YAireYtlKWEIjqGB\r\npKRxeRFzu3SKbnwW3x9727iAgY8SRTDHB0nW/iSU50jm5nuFDSg83w4PtF3gfBR4\r\n1Q1o1xtEMZEhC2C9IwB9Sl9weFB1LA5b7wPak4UYZXWihlgIzPs2WwIDAQABo4IC\r\nKTCCAiUwDgYDVR0PAQH/BAQDAgWgMB0GA1UdJQQWMBQGCCsGAQUFBwMBBggrBgEF\r\nBQcDAjAMBgNVHRMBAf8EAjAAMB0GA1UdDgQWBBSu+8InwOfWxVPyjejwiPremdGB\r\nJDAfBgNVHSMEGDAWgBSoSmpjBH3duubRObemRWXv86jsoTBwBggrBgEFBQcBAQRk\r\nMGIwLwYIKwYBBQUHMAGGI2h0dHA6Ly9vY3NwLmludC14My5sZXRzZW5jcnlwdC5v\r\ncmcvMC8GCCsGAQUFBzAChiNodHRwOi8vY2VydC5pbnQteDMubGV0c2VuY3J5cHQu\r\nb3JnLzAzBgNVHREELDAqghhzZW8tcmVzb3VyY2VzLndlc3NlbHMubnqCDnNlby53\r\nZXNzZWxzLm56MIH+BgNVHSAEgfYwgfMwCAYGZ4EMAQIBMIHmBgsrBgEEAYLfEwEB\r\nATCB1jAmBggrBgEFBQcCARYaaHR0cDovL2Nwcy5sZXRzZW5jcnlwdC5vcmcwgasG\r\nCCsGAQUFBwICMIGeDIGbVGhpcyBDZXJ0aWZpY2F0ZSBtYXkgb25seSBiZSByZWxp\r\nZWQgdXBvbiBieSBSZWx5aW5nIFBhcnRpZXMgYW5kIG9ubHkgaW4gYWNjb3JkYW5j\r\nZSB3aXRoIHRoZSBDZXJ0aWZpY2F0ZSBQb2xpY3kgZm91bmQgYXQgaHR0cHM6Ly9s\r\nZXRzZW5jcnlwdC5vcmcvcmVwb3NpdG9yeS8wDQYJKoZIhvcNAQELBQADggEBAAkt\r\nnJZ7d7IFaedu/WE+tGN5swQPUJ/dNhstH3LYe1B8NmDj4LsARYv7VHXD8vsZzbaL\r\nH65RMnLkGlH30f++cHP+wsZWi2ge36HBC42tWLiDA4TOBa/tHA64BNlnfD/P/6aG\r\nxmG5acOtsjIz+keuo3d7cRk6Rviv+6Gze+8smeUngQn5rYc5YE7PrDwKOZL/41TZ\r\n4ny8OFwBvqpxt0kZV5sVVnQyin5fISgVLqZZMZ8dIuP9R9IHDzwgGqgxhwJ0Af3L\r\nJ9ERi5E4nA543e05f6MlHli61/DHqZbWRyWEOpIVUuq88AAVFsgEr99cBWxvhbm0\r\nKmP5td9KA6bexk1W0sk=\r\n-----END CERTIFICATE-----",
                            "certificate_chain": "-----BEGIN CERTIFICATE-----\r\nMIIEkjCCA3qgAwIBAgIQCgFBQgAAAVOFc2oLheynCDANBgkqhkiG9w0BAQsFADA/\r\nMSQwIgYDVQQKExtEaWdpdGFsIFNpZ25hdHVyZSBUcnVzdCBDby4xFzAVBgNVBAMT\r\nDkRTVCBSb290IENBIFgzMB4XDTE2MDMxNzE2NDA0NloXDTIxMDMxNzE2NDA0Nlow\r\nSjELMAkGA1UEBhMCVVMxFjAUBgNVBAoTDUxldCdzIEVuY3J5cHQxIzAhBgNVBAMT\r\nGkxldCdzIEVuY3J5cHQgQXV0aG9yaXR5IFgzMIIBIjANBgkqhkiG9w0BAQEFAAOC\r\nAQ8AMIIBCgKCAQEAnNMM8FrlLke3cl03g7NoYzDq1zUmGSXhvb418XCSL7e4S0EF\r\nq6meNQhY7LEqxGiHC6PjdeTm86dicbp5gWAf15Gan/PQeGdxyGkOlZHP/uaZ6WA8\r\nSMx+yk13EiSdRxta67nsHjcAHJyse6cF6s5K671B5TaYucv9bTyWaN8jKkKQDIZ0\r\nZ8h/pZq4UmEUEz9l6YKHy9v6Dlb2honzhT+Xhq+w3Brvaw2VFn3EK6BlspkENnWA\r\na6xK8xuQSXgvopZPKiAlKQTGdMDQMc2PMTiVFrqoM7hD8bEfwzB/onkxEz0tNvjj\r\n/PIzark5McWvxI0NHWQWM6r6hCm21AvA2H3DkwIDAQABo4IBfTCCAXkwEgYDVR0T\r\nAQH/BAgwBgEB/wIBADAOBgNVHQ8BAf8EBAMCAYYwfwYIKwYBBQUHAQEEczBxMDIG\r\nCCsGAQUFBzABhiZodHRwOi8vaXNyZy50cnVzdGlkLm9jc3AuaWRlbnRydXN0LmNv\r\nbTA7BggrBgEFBQcwAoYvaHR0cDovL2FwcHMuaWRlbnRydXN0LmNvbS9yb290cy9k\r\nc3Ryb290Y2F4My5wN2MwHwYDVR0jBBgwFoAUxKexpHsscfrb4UuQdf/EFWCFiRAw\r\nVAYDVR0gBE0wSzAIBgZngQwBAgEwPwYLKwYBBAGC3xMBAQEwMDAuBggrBgEFBQcC\r\nARYiaHR0cDovL2Nwcy5yb290LXgxLmxldHNlbmNyeXB0Lm9yZzA8BgNVHR8ENTAz\r\nMDGgL6AthitodHRwOi8vY3JsLmlkZW50cnVzdC5jb20vRFNUUk9PVENBWDNDUkwu\r\nY3JsMB0GA1UdDgQWBBSoSmpjBH3duubRObemRWXv86jsoTANBgkqhkiG9w0BAQsF\r\nAAOCAQEA3TPXEfNjWDjdGBX7CVW+dla5cEilaUcne8IkCJLxWh9KEik3JHRRHGJo\r\nuM2VcGfl96S8TihRzZvoroed6ti6WqEBmtzw3Wodatg+VyOeph4EYpr/1wXKtx8/\r\nwApIvJSwtmVi4MFU5aMqrSDE6ea73Mj2tcMyo5jMd6jmeWUHK8so/joWUoHOUgwu\r\nX4Po1QYz+3dszkDqMp4fklxBwXRsW10KXzPMTZ+sOPAveyxindmjkW8lGy+QsRlG\r\nPfZ+G6Z6h7mjem0Y+iWlkYcV4PIWL1iwBi8saCbGS5jN2p8M+X+Q7UNKEkROb3N6\r\nKOqkqm57TH2H3eDJAkSnh6/DNFu0Qg==\r\n-----END CERTIFICATE-----",
                            "certificate_name": "seo.wessels.nz",
                            "certificate_private_key": "-----BEGIN RSA PRIVATE KEY-----\r\nMIIEoQIBAAKCAQEAwpryqCUJtaVqo50B3H7ZKONr0VtZ5T698JxnXto4DWEvXUnX\r\nZD3PN5jXrqqA0CFniUQWMhWNKohJp5wEwQQPiCNi1V5LqV1dK40EwhbHsA8gyEVM\r\nrm6n6US4F71JASQ9KFfanUpxpXk8Js5xzzaBIX9PRzYofY+nE8q3Lt8jbBt1scdC\r\nHqGSOo9iABDNvM0HJMzuE1Y7EPjJgMC8YAireYtlKWEIjqGBpKRxeRFzu3SKbnwW\r\n3x9727iAgY8SRTDHB0nW/iSU50jm5nuFDSg83w4PtF3gfBR41Q1o1xtEMZEhC2C9\r\nIwB9Sl9weFB1LA5b7wPak4UYZXWihlgIzPs2WwIDAQABAoH/amxSR6H5rVzI9LDo\r\nU60LFVFJpTRP9Q5a0Tq3TSgJf0emn13CbQ9gQwdS7DJSP4AFHwwdF0ax7JCbtw2b\r\ni/Ksi8bOReFLf1OPoEF+WKYcjiu3wc4kIUBiky8BffoF8pne2DEzXNFZVST3wEEl\r\n/CvScn8s28TCX+gvdqNlijx9IqDsJrQblOF7BNf5O2ltGXyuVEqexLzV7wuBC9rd\r\ny/Y8S+XlFos73ZXOYifgZpbqHa1NLldtpqMdD+BYjrB/i9H2a52t4sajlUeiWE56\r\nrFWyjoGWX3jtAC24Zb2Ne+tv4jrYOlhnnfP6CO1GeRS0IE1LY4O7Kbw+R2d6jD2I\r\nDxnBAoGBAPj2KFwe+npxoecn1SrGbVg7v0D7nlmzH5Yfu8Wjv8XBcO/HioqF6RBD\r\nVBhFhBP7TRLq0LH/7Xi61eROpGtAJgUjJNrUhqEd8ARpJlYM9N0MjJcFKBhPcWDf\r\n4IgjV3/CewixEbEPmnqM0MzmdQ3PXAXzaf6cHZ/2aSCrJSdfbuijAoGBAMgbY+ki\r\naqLwkDyI5lGR9gcEiEhpWYS11pJMP6NCFaNrDyMfNP1JDShLcMmOIOlunY+Lovcr\r\n4Cg//Ury2hf11MxsOr7m9MOWS6/5yLSGBs+QTgIMW6K850LKRpGpwhVAJwyLVTRf\r\ni1M4P3F3mxSyoRwIwApFLgqxhaLbtmSJpj7pAoGAEFuMF1Fpv7XLn3Z8iQz0jkGO\r\ntWRS6S3du21mVvwFU6b8FqUTszpNL+ZcliOrI+z1CXMoNynLno0YFKIeJ3XViazf\r\ndQlVtyxSYtfNzwWW6Rcz/ZA3LDG8D1NmW0uHKjvK/a00rl+KFNc/uNbDhh7Duxhd\r\nNH9pauMz0ROto0Kf9OUCgYEAgb+w0rOsLSaKf5XMsUtRGU/JBhq5HqHBFW83PCZX\r\nXXTHheBwPWMmkuAHq8jqcjF1HGRQMLBUUgTbucMpwqt1ZW8v0CR0xHUpclsl1lep\r\nBuDsk8trh2OxF8+MXlqSK7FDIJEfmCvzbOxlxq7k8VC5wjGyQ3aD2g8tNWH9K8dM\r\n8jECgYAgahcoX0as387FFezXBY31dopgwowtVvvlX8XA437q1PSCWqTF+GpdK4cr\r\nP8NmiCmdhwuBZHP2O3WHHYGV4PYYYYSPf/g6g0Jdin6Dyt+HEeumoGh9U1eqZHbc\r\nhO8YuX05u4rkkHNwqy0cHXfJBoroWLtTppoICgMzhK1Hc7MjKA==\r\n-----END RSA PRIVATE KEY-----",
                            "cloudfront_domain_name": "d38wxzh4uzqz6n.cloudfront.net",
                            "cloudfront_zone_id": "Z2FDTNDATAQYW2",
                            "domain_name": "seo.wessels.nz",
                            "id": "seo.wessels.nz"
                        },
                        "meta": {},
                        "tainted": false
                    },
                    "deposed": [],
                    "provider": ""
                },
                "aws_api_gateway_integration.SeoWebsite": {
                    "type": "aws_api_gateway_integration",
                    "depends_on": [
                        "aws_api_gateway_method.SeoWebsite",
                        "aws_api_gateway_rest_api.SeoWebsite",
                        "aws_api_gateway_rest_api.SeoWebsite",
                        "aws_lambda_function.SeoWebsite",
                        "aws_lambda_permission.SeoWebsiteApiGatewayMethod"
                    ],
                    "primary": {
                        "id": "agi-g6h2x0n5hl-lzff0m5v5f-ANY",
                        "attributes": {
                            "credentials": "",
                            "http_method": "ANY",
                            "id": "agi-g6h2x0n5hl-lzff0m5v5f-ANY",
                            "integration_http_method": "POST",
                            "passthrough_behavior": "WHEN_NO_MATCH",
                            "request_parameters.%": "0",
                            "request_templates.%": "0",
                            "resource_id": "lzff0m5v5f",
                            "rest_api_id": "g6h2x0n5hl",
                            "type": "AWS_PROXY",
                            "uri": "arn:aws:apigateway:us-east-1:lambda:path/2015-03-31/functions/arn:aws:lambda:us-east-1:913793700308:function:seo_website_endpoint/invocations"
                        },
                        "meta": {},
                        "tainted": false
                    },
                    "deposed": [],
                    "provider": ""
                },
                "aws_api_gateway_integration_response.SeoWebsite": {
                    "type": "aws_api_gateway_integration_response",
                    "depends_on": [
                        "aws_api_gateway_integration.SeoWebsite",
                        "aws_api_gateway_method.SeoWebsite",
                        "aws_api_gateway_method_response.SeoWebsite",
                        "aws_api_gateway_rest_api.SeoWebsite",
                        "aws_api_gateway_rest_api.SeoWebsite"
                    ],
                    "primary": {
                        "id": "agir-g6h2x0n5hl-lzff0m5v5f-ANY-200",
                        "attributes": {
                            "http_method": "ANY",
                            "id": "agir-g6h2x0n5hl-lzff0m5v5f-ANY-200",
                            "resource_id": "lzff0m5v5f",
                            "response_parameters.%": "0",
                            "response_templates.%": "0",
                            "rest_api_id": "g6h2x0n5hl",
                            "selection_pattern": "",
                            "status_code": "200"
                        },
                        "meta": {},
                        "tainted": false
                    },
                    "deposed": [],
                    "provider": ""
                },
                "aws_api_gateway_method.SeoWebsite": {
                    "type": "aws_api_gateway_method",
                    "depends_on": [
                        "aws_api_gateway_rest_api.SeoWebsite",
                        "aws_api_gateway_rest_api.SeoWebsite"
                    ],
                    "primary": {
                        "id": "agm-g6h2x0n5hl-lzff0m5v5f-ANY",
                        "attributes": {
                            "api_key_required": "false",
                            "authorization": "NONE",
                            "authorizer_id": "",
                            "http_method": "ANY",
                            "id": "agm-g6h2x0n5hl-lzff0m5v5f-ANY",
                            "request_models.%": "0",
                            "request_parameters.%": "0",
                            "resource_id": "lzff0m5v5f",
                            "rest_api_id": "g6h2x0n5hl"
                        },
                        "meta": {},
                        "tainted": false
                    },
                    "deposed": [],
                    "provider": ""
                },
                "aws_api_gateway_method_response.SeoWebsite": {
                    "type": "aws_api_gateway_method_response",
                    "depends_on": [
                        "aws_api_gateway_method.SeoWebsite",
                        "aws_api_gateway_rest_api.SeoWebsite",
                        "aws_api_gateway_rest_api.SeoWebsite"
                    ],
                    "primary": {
                        "id": "agmr-g6h2x0n5hl-lzff0m5v5f-ANY-200",
                        "attributes": {
                            "http_method": "ANY",
                            "id": "agmr-g6h2x0n5hl-lzff0m5v5f-ANY-200",
                            "resource_id": "lzff0m5v5f",
                            "response_models.%": "1",
                            "response_models.text/html": "Empty",
                            "response_parameters.%": "0",
                            "rest_api_id": "g6h2x0n5hl",
                            "status_code": "200"
                        },
                        "meta": {},
                        "tainted": false
                    },
                    "deposed": [],
                    "provider": ""
                },
                "aws_api_gateway_rest_api.SeoWebsite": {
                    "type": "aws_api_gateway_rest_api",
                    "depends_on": [
                        "aws_lambda_function.SeoWebsite"
                    ],
                    "primary": {
                        "id": "g6h2x0n5hl",
                        "attributes": {
                            "description": "Seo Website",
                            "id": "g6h2x0n5hl",
                            "name": "seo_website",
                            "root_resource_id": "lzff0m5v5f"
                        },
                        "meta": {},
                        "tainted": false
                    },
                    "deposed": [],
                    "provider": ""
                },
                "aws_cloudfront_distribution.SeoResourcesWebsite": {
                    "type": "aws_cloudfront_distribution",
                    "depends_on": [
                        "aws_cloudfront_origin_access_identity.SeoResourcesWebsite",
                        "aws_s3_bucket.SeoResourcesWebsite"
                    ],
                    "primary": {
                        "id": "E23ZABBKWHFACI",
                        "attributes": {
                            "active_trusted_signers.%": "2",
                            "active_trusted_signers.enabled": "false",
                            "active_trusted_signers.items.#": "0",
                            "aliases.#": "1",
                            "aliases.837212856": "seo-resources.wessels.nz",
                            "arn": "arn:aws:cloudfront::913793700308:distribution/E23ZABBKWHFACI",
                            "cache_behavior.#": "0",
                            "caller_reference": "2016-10-05T15:57:19.4459112+13:00",
                            "comment": "Managed by Terraform",
                            "custom_error_response.#": "0",
                            "default_cache_behavior.#": "1",
                            "default_cache_behavior.1106497038.allowed_methods.#": "2",
                            "default_cache_behavior.1106497038.allowed_methods.0": "HEAD",
                            "default_cache_behavior.1106497038.allowed_methods.1": "GET",
                            "default_cache_behavior.1106497038.cached_methods.#": "2",
                            "default_cache_behavior.1106497038.cached_methods.0": "HEAD",
                            "default_cache_behavior.1106497038.cached_methods.1": "GET",
                            "default_cache_behavior.1106497038.compress": "true",
                            "default_cache_behavior.1106497038.default_ttl": "30",
                            "default_cache_behavior.1106497038.forwarded_values.#": "1",
                            "default_cache_behavior.1106497038.forwarded_values.2759845635.cookies.#": "1",
                            "default_cache_behavior.1106497038.forwarded_values.2759845635.cookies.2625240281.forward": "none",
                            "default_cache_behavior.1106497038.forwarded_values.2759845635.cookies.2625240281.whitelisted_names.#": "0",
                            "default_cache_behavior.1106497038.forwarded_values.2759845635.headers.#": "0",
                            "default_cache_behavior.1106497038.forwarded_values.2759845635.query_string": "false",
                            "default_cache_behavior.1106497038.forwarded_values.2759845635.query_string_cache_keys.#": "0",
                            "default_cache_behavior.1106497038.max_ttl": "86400",
                            "default_cache_behavior.1106497038.min_ttl": "0",
                            "default_cache_behavior.1106497038.smooth_streaming": "false",
                            "default_cache_behavior.1106497038.target_origin_id": "S3-seo-resources.wessels.nz",
                            "default_cache_behavior.1106497038.trusted_signers.#": "0",
                            "default_cache_behavior.1106497038.viewer_protocol_policy": "redirect-to-https",
                            "default_root_object": "index.html",
                            "domain_name": "dqq1d7itx2tf0.cloudfront.net",
                            "enabled": "true",
                            "etag": "E3F6H1SEDMXJW6",
                            "hosted_zone_id": "Z2FDTNDATAQYW2",
                            "http_version": "http2",
                            "id": "E23ZABBKWHFACI",
                            "in_progress_validation_batches": "0",
                            "last_modified_time": "2016-10-06 22:18:42.467 +0000 UTC",
                            "logging_config.#": "0",
                            "origin.#": "1",
                            "origin.3980716330.custom_header.#": "0",
                            "origin.3980716330.custom_origin_config.#": "0",
                            "origin.3980716330.domain_name": "seo-resources.wessels.nz.s3.amazonaws.com",
                            "origin.3980716330.origin_id": "S3-seo-resources.wessels.nz",
                            "origin.3980716330.origin_path": "",
                            "origin.3980716330.s3_origin_config.#": "1",
                            "origin.3980716330.s3_origin_config.1215630104.origin_access_identity": "origin-access-identity/cloudfront/E2AEUEBGNM4Q2C",
                            "price_class": "PriceClass_All",
                            "restrictions.#": "1",
                            "restrictions.1097372288.geo_restriction.#": "1",
                            "restrictions.1097372288.geo_restriction.2625240281.locations.#": "0",
                            "restrictions.1097372288.geo_restriction.2625240281.restriction_type": "none",
                            "retain_on_delete": "true",
                            "status": "Deployed",
                            "tags.%": "0",
                            "viewer_certificate.#": "1",
                            "viewer_certificate.3386741993.acm_certificate_arn": "arn:aws:acm:us-east-1:913793700308:certificate/29edb52d-dd84-4f2e-976e-799f1204442e",
                            "viewer_certificate.3386741993.cloudfront_default_certificate": "false",
                            "viewer_certificate.3386741993.iam_certificate_id": "",
                            "viewer_certificate.3386741993.minimum_protocol_version": "TLSv1",
                            "viewer_certificate.3386741993.ssl_support_method": "sni-only",
                            "web_acl_id": ""
                        },
                        "meta": {},
                        "tainted": false
                    },
                    "deposed": [],
                    "provider": ""
                },
                "aws_cloudfront_origin_access_identity.SeoResourcesWebsite": {
                    "type": "aws_cloudfront_origin_access_identity",
                    "depends_on": [],
                    "primary": {
                        "id": "E2AEUEBGNM4Q2C",
                        "attributes": {
                            "caller_reference": "2016-10-05T15:49:13.2351434+13:00",
                            "cloudfront_access_identity_path": "origin-access-identity/cloudfront/E2AEUEBGNM4Q2C",
                            "comment": "Managed by Terraform",
                            "etag": "E3LJM3DA0N93G7",
                            "iam_arn": "arn:aws:iam::cloudfront:user/CloudFront Origin Access Identity E2AEUEBGNM4Q2C",
                            "id": "E2AEUEBGNM4Q2C",
                            "s3_canonical_user_id": "6f191133c79c4904b415fff4b780e3b3b48ce912d5f85603fdbc72c421fbcaaab53cf6d6e28ed42d6a2a06404f4707da"
                        },
                        "meta": {},
                        "tainted": false
                    },
                    "deposed": [],
                    "provider": ""
                },
                "aws_iam_role.SeoAPIGatewayAccount": {
                    "type": "aws_iam_role",
                    "depends_on": [],
                    "primary": {
                        "id": "seo_api_gateway_account",
                        "attributes": {
                            "arn": "arn:aws:iam::913793700308:role/seo_api_gateway_account",
                            "assume_role_policy": "{\r\n  \"Version\": \"2012-10-17\",\r\n  \"Statement\": [\r\n    {\r\n      \"Sid\": \"\",\r\n      \"Effect\": \"Allow\",\r\n      \"Principal\": {\r\n        \"Service\": \"apigateway.amazonaws.com\"\r\n      },\r\n      \"Action\": \"sts:AssumeRole\"\r\n    }\r\n  ]\r\n}",
                            "id": "seo_api_gateway_account",
                            "name": "seo_api_gateway_account",
                            "path": "/",
                            "unique_id": "AROAI6I6FIMXDN4GYVQRG"
                        },
                        "meta": {},
                        "tainted": false
                    },
                    "deposed": [],
                    "provider": ""
                },
                "aws_iam_role.SeoLambdaWebsiteEndpoint": {
                    "type": "aws_iam_role",
                    "depends_on": [],
                    "primary": {
                        "id": "seo_lambda_website_endpoint",
                        "attributes": {
                            "arn": "arn:aws:iam::913793700308:role/seo_lambda_website_endpoint",
                            "assume_role_policy": "{\r\n  \"Version\": \"2012-10-17\",\r\n  \"Statement\": [\r\n    {\r\n      \"Action\": \"sts:AssumeRole\",\r\n      \"Principal\": {\r\n        \"Service\": [\r\n          \"lambda.amazonaws.com\",\r\n          \"apigateway.amazonaws.com\"\r\n        ]\r\n      },\r\n      \"Effect\": \"Allow\",\r\n      \"Sid\": \"\"\r\n    }\r\n  ]\r\n}",
                            "id": "seo_lambda_website_endpoint",
                            "name": "seo_lambda_website_endpoint",
                            "path": "/",
                            "unique_id": "AROAIS3DJRUU5H7APCIJ2"
                        },
                        "meta": {},
                        "tainted": false
                    },
                    "deposed": [],
                    "provider": ""
                },
                "aws_iam_role_policy.SeoAPIGatewayAccount": {
                    "type": "aws_iam_role_policy",
                    "depends_on": [
                        "aws_iam_role.SeoAPIGatewayAccount"
                    ],
                    "primary": {
                        "id": "seo_api_gateway_account:seo_api_gateway_account",
                        "attributes": {
                            "id": "seo_api_gateway_account:seo_api_gateway_account",
                            "name": "seo_api_gateway_account",
                            "policy": "{\r\n  \"Version\": \"2012-10-17\",\r\n  \"Statement\": [\r\n    {\r\n      \"Effect\": \"Allow\",\r\n      \"Action\": [\r\n        \"logs:CreateLogGroup\",\r\n        \"logs:CreateLogStream\",\r\n        \"logs:DescribeLogGroups\",\r\n        \"logs:DescribeLogStreams\",\r\n        \"logs:PutLogEvents\",\r\n        \"logs:GetLogEvents\",\r\n        \"logs:FilterLogEvents\"\r\n      ],\r\n      \"Resource\": \"*\"\r\n    }\r\n  ]\r\n}\r\n",
                            "role": "seo_api_gateway_account"
                        },
                        "meta": {},
                        "tainted": false
                    },
                    "deposed": [],
                    "provider": ""
                },
                "aws_iam_role_policy.SeoLambdaWebsiteEndpoint": {
                    "type": "aws_iam_role_policy",
                    "depends_on": [
                        "aws_iam_role.SeoLambdaWebsiteEndpoint"
                    ],
                    "primary": {
                        "id": "seo_lambda_website_endpoint:seo_lambda_website_endpoint",
                        "attributes": {
                            "id": "seo_lambda_website_endpoint:seo_lambda_website_endpoint",
                            "name": "seo_lambda_website_endpoint",
                            "policy": "{\r\n  \"Version\": \"2012-10-17\",\r\n  \"Statement\": [\r\n    {\r\n      \"Effect\": \"Allow\",\r\n      \"Action\": [\r\n        \"logs:CreateLogGroup\",\r\n        \"logs:CreateLogStream\",\r\n        \"logs:PutLogEvents\"\r\n      ],\r\n      \"Resource\": \"arn:aws:logs:*:*:*\"\r\n    }\r\n  ]\r\n}",
                            "role": "seo_lambda_website_endpoint"
                        },
                        "meta": {},
                        "tainted": false
                    },
                    "deposed": [],
                    "provider": ""
                },
                "aws_lambda_function.SeoWebsite": {
                    "type": "aws_lambda_function",
                    "depends_on": [
                        "aws_iam_role.SeoLambdaWebsiteEndpoint"
                    ],
                    "primary": {
                        "id": "seo_website_endpoint",
                        "attributes": {
                            "arn": "arn:aws:lambda:us-east-1:913793700308:function:seo_website_endpoint",
                            "description": "",
                            "filename": "./Lambdas/WebsiteEndpoint/.WebsiteEndpoint.compiled.zip",
                            "function_name": "seo_website_endpoint",
                            "handler": "index.handler",
                            "id": "seo_website_endpoint",
                            "last_modified": "2016-10-10T03:02:54.785+0000",
                            "memory_size": "128",
                            "publish": "false",
                            "qualified_arn": "arn:aws:lambda:us-east-1:913793700308:function:seo_website_endpoint:$LATEST",
                            "role": "arn:aws:iam::913793700308:role/seo_lambda_website_endpoint",
                            "runtime": "nodejs4.3",
                            "source_code_hash": "v7XcJJ5d1UWXJE+YeoMgsrbrEoU9Nrsxrkewii8g6i4=",
                            "timeout": "3",
                            "version": "$LATEST"
                        },
                        "meta": {},
                        "tainted": false
                    },
                    "deposed": [],
                    "provider": ""
                },
                "aws_lambda_permission.SeoWebsiteApiGatewayMethod": {
                    "type": "aws_lambda_permission",
                    "depends_on": [
                        "aws_api_gateway_method.SeoWebsite",
                        "aws_api_gateway_method_response.SeoWebsite",
                        "aws_api_gateway_rest_api.SeoWebsite",
                        "aws_lambda_function.SeoWebsite",
                        "data.aws_caller_identity.current"
                    ],
                    "primary": {
                        "id": "AllowExecutionFromAPIGatewayMethod",
                        "attributes": {
                            "action": "lambda:InvokeFunction",
                            "function_name": "seo_website_endpoint",
                            "id": "AllowExecutionFromAPIGatewayMethod",
                            "principal": "apigateway.amazonaws.com",
                            "source_arn": "arn:aws:execute-api:us-east-1:913793700308:g6h2x0n5hl/*/*/",
                            "statement_id": "AllowExecutionFromAPIGatewayMethod"
                        },
                        "meta": {},
                        "tainted": false
                    },
                    "deposed": [],
                    "provider": ""
                },
                "aws_route53_delegation_set.Seo": {
                    "type": "aws_route53_delegation_set",
                    "depends_on": [],
                    "primary": {
                        "id": "N1WH643ZVNGJAG",
                        "attributes": {
                            "id": "N1WH643ZVNGJAG",
                            "name_servers.#": "4",
                            "name_servers.0": "ns-1241.awsdns-27.org",
                            "name_servers.1": "ns-1574.awsdns-04.co.uk",
                            "name_servers.2": "ns-457.awsdns-57.com",
                            "name_servers.3": "ns-971.awsdns-57.net",
                            "reference_name": "WesselsSEO"
                        },
                        "meta": {},
                        "tainted": false
                    },
                    "deposed": [],
                    "provider": ""
                },
                "aws_route53_record.SeoResourcesWebsite": {
                    "type": "aws_route53_record",
                    "depends_on": [
                        "aws_cloudfront_distribution.SeoResourcesWebsite",
                        "aws_cloudfront_distribution.SeoResourcesWebsite",
                        "aws_route53_zone.Seo"
                    ],
                    "primary": {
                        "id": "Z1N5AUAJ2G7S6D_seo-resources.wessels.nz_A",
                        "attributes": {
                            "alias.#": "1",
                            "alias.3786375353.evaluate_target_health": "false",
                            "alias.3786375353.name": "dqq1d7itx2tf0.cloudfront.net",
                            "alias.3786375353.zone_id": "Z2FDTNDATAQYW2",
                            "fqdn": "seo-resources.wessels.nz.seo.wessels.nz",
                            "health_check_id": "",
                            "id": "Z1N5AUAJ2G7S6D_seo-resources.wessels.nz_A",
                            "name": "seo-resources.wessels.nz",
                            "records.#": "0",
                            "set_identifier": "",
                            "ttl": "0",
                            "type": "A",
                            "zone_id": "Z1N5AUAJ2G7S6D"
                        },
                        "meta": {
                            "schema_version": "2"
                        },
                        "tainted": false
                    },
                    "deposed": [],
                    "provider": ""
                },
                "aws_route53_record.SeoWebsite": {
                    "type": "aws_route53_record",
                    "depends_on": [
                        "aws_api_gateway_domain_name.SeoWebsite",
                        "aws_api_gateway_domain_name.SeoWebsite",
                        "aws_route53_zone.Seo"
                    ],
                    "primary": {
                        "id": "Z1N5AUAJ2G7S6D_seo.wessels.nz_A",
                        "attributes": {
                            "alias.#": "1",
                            "alias.414531862.evaluate_target_health": "false",
                            "alias.414531862.name": "d38wxzh4uzqz6n.cloudfront.net",
                            "alias.414531862.zone_id": "Z2FDTNDATAQYW2",
                            "fqdn": "seo.wessels.nz",
                            "health_check_id": "",
                            "id": "Z1N5AUAJ2G7S6D_seo.wessels.nz_A",
                            "name": "seo.wessels.nz",
                            "records.#": "0",
                            "set_identifier": "",
                            "ttl": "0",
                            "type": "A",
                            "zone_id": "Z1N5AUAJ2G7S6D"
                        },
                        "meta": {
                            "schema_version": "2"
                        },
                        "tainted": false
                    },
                    "deposed": [],
                    "provider": ""
                },
                "aws_route53_zone.Seo": {
                    "type": "aws_route53_zone",
                    "depends_on": [
                        "aws_route53_delegation_set.Seo"
                    ],
                    "primary": {
                        "id": "Z1N5AUAJ2G7S6D",
                        "attributes": {
                            "comment": "Managed by Terraform",
                            "delegation_set_id": "N1WH643ZVNGJAG",
                            "force_destroy": "false",
                            "id": "Z1N5AUAJ2G7S6D",
                            "name": "seo.wessels.nz",
                            "name_servers.#": "4",
                            "name_servers.0": "ns-1241.awsdns-27.org",
                            "name_servers.1": "ns-1574.awsdns-04.co.uk",
                            "name_servers.2": "ns-457.awsdns-57.com",
                            "name_servers.3": "ns-971.awsdns-57.net",
                            "tags.%": "0",
                            "zone_id": "Z1N5AUAJ2G7S6D"
                        },
                        "meta": {},
                        "tainted": false
                    },
                    "deposed": [],
                    "provider": ""
                },
                "aws_s3_bucket.SeoResourcesWebsite": {
                    "type": "aws_s3_bucket",
                    "depends_on": [],
                    "primary": {
                        "id": "seo-resources.wessels.nz",
                        "attributes": {
                            "acceleration_status": "",
                            "acl": "public-read",
                            "arn": "arn:aws:s3:::seo-resources.wessels.nz",
                            "bucket": "seo-resources.wessels.nz",
                            "force_destroy": "false",
                            "hosted_zone_id": "Z3AQBSTGFYJSTF",
                            "id": "seo-resources.wessels.nz",
                            "policy": "{\"Statement\":[{\"Action\":\"s3:GetObject\",\"Effect\":\"Allow\",\"Principal\":\"*\",\"Resource\":\"arn:aws:s3:::seo-resources.wessels.nz/*\",\"Sid\":\"AddPerm\"}],\"Version\":\"2012-10-17\"}",
                            "region": "us-east-1",
                            "request_payer": "BucketOwner",
                            "tags.%": "0",
                            "website.#": "1",
                            "website.0.error_document": "",
                            "website.0.index_document": "index.html",
                            "website.0.redirect_all_requests_to": "",
                            "website.0.routing_rules": "[{\"Condition\":{\"HttpErrorCodeReturnedEquals\":\"404\"},\"Redirect\":{\"HostName\":\"seo-resources.wessels.nz\",\"ReplaceKeyWith\":\"index.html\"}}]",
                            "website_domain": "s3-website-us-east-1.amazonaws.com",
                            "website_endpoint": "seo-resources.wessels.nz.s3-website-us-east-1.amazonaws.com"
                        },
                        "meta": {},
                        "tainted": false
                    },
                    "deposed": [],
                    "provider": ""
                },
                "data.aws_caller_identity.current": {
                    "type": "aws_caller_identity",
                    "depends_on": [],
                    "primary": {
                        "id": "2016-10-10 19:22:11.890169 +0000 UTC",
                        "attributes": {
                            "account_id": "913793700308",
                            "id": "2016-10-10 19:22:11.890169 +0000 UTC"
                        },
                        "meta": {},
                        "tainted": false
                    },
                    "deposed": [],
                    "provider": ""
                }
            },
            "depends_on": []
        }
    ]
}
